
Microsoft Visual Studio Solution File, Format Version 12.00
# Visual Studio Version 16
VisualStudioVersion = 25.0.1706.5
MinimumVisualStudioVersion = 10.0.40219.1
Project("{FAE04EC0-301F-11D3-BF4B-00C04F79EFBC}") = "DevOpsHelloWorld", "DevOpsHelloWorld\DevOpsHelloWorld.csproj", "{25311F00-FBB2-4B64-B922-05CCB62B64A7}"
EndProject
Global
	GlobalSection(SolutionConfigurationPlatforms) = preSolution
		Debug|Any CPU = Debug|Any CPU
		Release|Any CPU = Release|Any CPU
	EndGlobalSection
	GlobalSection(ProjectConfigurationPlatforms) = postSolution
		{25311F00-FBB2-4B64-B922-05CCB62B64A7}.Debug|Any CPU.ActiveCfg = Debug|Any CPU
		{25311F00-FBB2-4B64-B922-05CCB62B64A7}.Debug|Any CPU.Build.0 = Debug|Any CPU
		{25311F00-FBB2-4B64-B922-05CCB62B64A7}.Release|Any CPU.ActiveCfg = Release|Any CPU
		{25311F00-FBB2-4B64-B922-05CCB62B64A7}.Release|Any CPU.Build.0 = Release|Any CPU
	EndGlobalSection
	GlobalSection(SolutionProperties) = preSolution
		HideSolutionNode = FALSE
	EndGlobalSection
	GlobalSection(ExtensibilityGlobals) = postSolution
		SolutionGuid = {373F6DB1-D050-4888-BFC4-9CD8D259463C}
	EndGlobalSection
EndGlobal
